
Microsoft Visual Studio Solution File, Format Version 12.00
# Visual Studio 2012
Project("{FAE04EC0-301F-11D3-BF4B-00C04F79EFBC}") = "Variables", "Variables.csproj", "{4AAD8FA0-60CB-4C00-B07F-E46DA1EB6573}"
EndProject
Global
	GlobalSection(SolutionConfigurationPlatforms) = preSolution
		Debug|Any CPU = Debug|Any CPU
		Release|Any CPU = Release|Any CPU
	EndGlobalSection
	GlobalSection(ProjectConfigurationPlatforms) = postSolution
		{4AAD8FA0-60CB-4C00-B07F-E46DA1EB6573}.Debug|Any CPU.ActiveCfg = Debug|Any CPU
		{4AAD8FA0-60CB-4C00-B07F-E46DA1EB6573}.Debug|Any CPU.Build.0 = Debug|Any CPU
		{4AAD8FA0-60CB-4C00-B07F-E46DA1EB6573}.Release|Any CPU.ActiveCfg = Release|Any CPU
		{4AAD8FA0-60CB-4C00-B07F-E46DA1EB6573}.Release|Any CPU.Build.0 = Release|Any CPU
	EndGlobalSection
EndGlobal
