
Microsoft Visual Studio Solution File, Format Version 12.00
# Visual Studio 2012
Project("{FAE04EC0-301F-11D3-BF4B-00C04F79EFBC}") = "switchstatements", "switchstatements.csproj", "{BE8C8B4D-7CC3-4E36-B6D5-F45DB43BC160}"
EndProject
Global
	GlobalSection(SolutionConfigurationPlatforms) = preSolution
		Debug|Any CPU = Debug|Any CPU
		Release|Any CPU = Release|Any CPU
	EndGlobalSection
	GlobalSection(ProjectConfigurationPlatforms) = postSolution
		{BE8C8B4D-7CC3-4E36-B6D5-F45DB43BC160}.Debug|Any CPU.ActiveCfg = Debug|Any CPU
		{BE8C8B4D-7CC3-4E36-B6D5-F45DB43BC160}.Debug|Any CPU.Build.0 = Debug|Any CPU
		{BE8C8B4D-7CC3-4E36-B6D5-F45DB43BC160}.Release|Any CPU.ActiveCfg = Release|Any CPU
		{BE8C8B4D-7CC3-4E36-B6D5-F45DB43BC160}.Release|Any CPU.Build.0 = Release|Any CPU
	EndGlobalSection
EndGlobal
